
Microsoft Visual Studio Solution File, Format Version 12.00
# Visual Studio Version 17
VisualStudioVersion = 17.14.36327.8 d17.14
MinimumVisualStudioVersion = 10.0.40219.1
Project("{FAE04EC0-301F-11D3-BF4B-00C04F79EFBC}") = "Tagme", "Tagme\Tagme.csproj", "{A1D31CAD-68D6-4A00-B0E2-040D0301F84C}"
EndProject
Global
	GlobalSection(SolutionConfigurationPlatforms) = preSolution
		Debug|Any CPU = Debug|Any CPU
		Release|Any CPU = Release|Any CPU
	EndGlobalSection
	GlobalSection(ProjectConfigurationPlatforms) = postSolution
		{A1D31CAD-68D6-4A00-B0E2-040D0301F84C}.Debug|Any CPU.ActiveCfg = Debug|Any CPU
		{A1D31CAD-68D6-4A00-B0E2-040D0301F84C}.Debug|Any CPU.Build.0 = Debug|Any CPU
		{A1D31CAD-68D6-4A00-B0E2-040D0301F84C}.Release|Any CPU.ActiveCfg = Release|Any CPU
		{A1D31CAD-68D6-4A00-B0E2-040D0301F84C}.Release|Any CPU.Build.0 = Release|Any CPU
	EndGlobalSection
	GlobalSection(SolutionProperties) = preSolution
		HideSolutionNode = FALSE
	EndGlobalSection
	GlobalSection(ExtensibilityGlobals) = postSolution
		SolutionGuid = {419A9844-C827-4E79-9AAB-90835D895FE9}
	EndGlobalSection
EndGlobal
